PODS:
  - Alamofire (4.9.1)
  - AlamofireNetworkActivityIndicator (2.4.0):
    - Alamofire (~> 4.8)
  - MarqueeLabel/Swift (3.2.1)
  - NotificationBannerSwift (2.1.0):
    - MarqueeLabel/Swift (~> 3.2.1)
    - SnapKit (~> 4.2.0)
  - ObjectMapper (3.4.2)
  - Realm (2.10.2):
    - Realm/Headers (= 2.10.2)
  - Realm/Headers (2.10.2)
  - RealmSwift (2.10.2):
    - Realm (= 2.10.2)
  - SnapKit (4.2.0)
  - Validator (3.2.1)

DEPENDENCIES:
  - Alamofire (~> 4.4)
  - AlamofireNetworkActivityIndicator (~> 2.1)
  - NotificationBannerSwift (~> 2.1.0)
  - ObjectMapper (~> 3.4.2)
  - RealmSwift (~> 2.7)
  - Validator (~> 3.0)

SPEC REPOS:
  trunk:
    - Alamofire
    - AlamofireNetworkActivityIndicator
    - MarqueeLabel
    - NotificationBannerSwift
    - ObjectMapper
    - Realm
    - RealmSwift
    - SnapKit
    - Validator

SPEC CHECKSUMS:
  Alamofire: 85e8a02c69d6020a0d734f6054870d7ecb75cf18
  AlamofireNetworkActivityIndicator: 9acc3de3ca6645bf0efed462396b0df13dd3e7b8
  MarqueeLabel: 2daf039bf916937c8a4c9adfc13577cc5e51b4ce
  NotificationBannerSwift: 4483919639202bec56d6bfe8f106ebc352d38bc7
  ObjectMapper: 0d4402610f4e468903ae64629eec4784531e5c51
  Realm: 0ef72b837fb67e9f4b098bac771ddd72c7fdbb69
  RealmSwift: 07a9ae0505091eda6b2ee7c190c3786d6e90a7b0
  SnapKit: fe8a619752f3f27075cc9a90244d75c6c3f27e2a
  Validator: 80a6f567220c962dfd2d9928ae98a8c1d164f6f4

PODFILE CHECKSUM: d65760afbcb79487c7f5b735f04e184ec371d779

COCOAPODS: 1.11.3
