// !$*UTF8*$!
{
	archiveVersion = 1;
	classes = {
	};
	objectVersion = 46;
	objects = {

/* Begin PBXBuildFile section */
		374A18561EBFC52E006C169A /* APIPath.swift in Sources */ = {isa = PBXBuildFile; fileRef = 374A18551EBFC52E006C169A /* APIPath.swift */; };
		377555211EAD21BD004E2B4C /* ServerManager.swift in Sources */ = {isa = PBXBuildFile; fileRef = 377555201EAD21BD004E2B4C /* ServerManager.swift */; };
		37A317931E75B82500BF3AEA /* AppDelegate.swift in Sources */ = {isa = PBXBuildFile; fileRef = 37A317921E75B82500BF3AEA /* AppDelegate.swift */; };
		37A317951E75B82500BF3AEA /* ViewController.swift in Sources */ = {isa = PBXBuildFile; fileRef = 37A317941E75B82500BF3AEA /* ViewController.swift */; };
		37A317981E75B82500BF3AEA /* Main.storyboard in Resources */ = {isa = PBXBuildFile; fileRef = 37A317961E75B82500BF3AEA /* Main.storyboard */; };
		37A3179A1E75B82500BF3AEA /* Assets.xcassets in Resources */ = {isa = PBXBuildFile; fileRef = 37A317991E75B82500BF3AEA /* Assets.xcassets */; };
		37A3179D1E75B82500BF3AEA /* LaunchScreen.storyboard in Resources */ = {isa = PBXBuildFile; fileRef = 37A3179B1E75B82500BF3AEA /* LaunchScreen.storyboard */; };
		37DCFBD11EA98BCC00E43139 /* LoginViewController.swift in Sources */ = {isa = PBXBuildFile; fileRef = 37DCFBD01EA98BCC00E43139 /* LoginViewController.swift */; };
		37DCFBD31EA98D3B00E43139 /* BeaconsViewController.swift in Sources */ = {isa = PBXBuildFile; fileRef = 37DCFBD21EA98D3B00E43139 /* BeaconsViewController.swift */; };
		37DCFBD51EA9945500E43139 /* SignupViewController.swift in Sources */ = {isa = PBXBuildFile; fileRef = 37DCFBD41EA9945500E43139 /* SignupViewController.swift */; };
		37DCFBD71EA9968A00E43139 /* NewBeaconViewController.swift in Sources */ = {isa = PBXBuildFile; fileRef = 37DCFBD61EA9968A00E43139 /* NewBeaconViewController.swift */; };
		37DCFBDB1EA99D6000E43139 /* PasscodeViewController.swift in Sources */ = {isa = PBXBuildFile; fileRef = 37DCFBDA1EA99D6000E43139 /* PasscodeViewController.swift */; };
		37DDA5F91EABCB5900318CE2 /* RoundedButton.swift in Sources */ = {isa = PBXBuildFile; fileRef = 37DDA5F81EABCB5900318CE2 /* RoundedButton.swift */; };
		37DDA5FB1EABD8EF00318CE2 /* Beacon.swift in Sources */ = {isa = PBXBuildFile; fileRef = 37DDA5FA1EABD8EF00318CE2 /* Beacon.swift */; };
		37DDA5FD1EABE53D00318CE2 /* BeaconTableViewCell.swift in Sources */ = {isa = PBXBuildFile; fileRef = 37DDA5FC1EABE53D00318CE2 /* BeaconTableViewCell.swift */; };
		BA73C085A3A7804165E6A35A /* Pods_BeaconTracker.framework in Frameworks */ = {isa = PBXBuildFile; fileRef = 65E8E8172E93A31DF1556024 /* Pods_BeaconTracker.framework */; };
/* End PBXBuildFile section */

/* Begin PBXFileReference section */
		21F2E1BA33E6758666CA5AB8 /* Pods-BeaconTracker.release.xcconfig */ = {isa = PBXFileReference; includeInIndex = 1; lastKnownFileType = text.xcconfig; name = "Pods-BeaconTracker.release.xcconfig"; path = "Pods/Target Support Files/Pods-BeaconTracker/Pods-BeaconTracker.release.xcconfig"; sourceTree = "<group>"; };
		374A18551EBFC52E006C169A /* APIPath.swift */ = {isa = PBXFileReference; fileEncoding = 4; lastKnownFileType = sourcecode.swift; path = APIPath.swift; sourceTree = "<group>"; };
		377555201EAD21BD004E2B4C /* ServerManager.swift */ = {isa = PBXFileReference; fileEncoding = 4; lastKnownFileType = sourcecode.swift; path = ServerManager.swift; sourceTree = "<group>"; };
		37A3178F1E75B82500BF3AEA /* BeaconTracker.app */ = {isa = PBXFileReference; explicitFileType = wrapper.application; includeInIndex = 0; path = BeaconTracker.app; sourceTree = BUILT_PRODUCTS_DIR; };
		37A317921E75B82500BF3AEA /* AppDelegate.swift */ = {isa = PBXFileReference; lastKnownFileType = sourcecode.swift; path = AppDelegate.swift; sourceTree = "<group>"; };
		37A317941E75B82500BF3AEA /* ViewController.swift */ = {isa = PBXFileReference; lastKnownFileType = sourcecode.swift; path = ViewController.swift; sourceTree = "<group>"; };
		37A317971E75B82500BF3AEA /* Base */ = {isa = PBXFileReference; lastKnownFileType = file.storyboard; name = Base; path = Base.lproj/Main.storyboard; sourceTree = "<group>"; };
		37A317991E75B82500BF3AEA /* Assets.xcassets */ = {isa = PBXFileReference; lastKnownFileType = folder.assetcatalog; path = Assets.xcassets; sourceTree = "<group>"; };
		37A3179C1E75B82500BF3AEA /* Base */ = {isa = PBXFileReference; lastKnownFileType = file.storyboard; name = Base; path = Base.lproj/LaunchScreen.storyboard; sourceTree = "<group>"; };
		37A3179E1E75B82500BF3AEA /* Info.plist */ = {isa = PBXFileReference; lastKnownFileType = text.plist.xml; path = Info.plist; sourceTree = "<group>"; };
		37DCFBD01EA98BCC00E43139 /* LoginViewController.swift */ = {isa = PBXFileReference; fileEncoding = 4; lastKnownFileType = sourcecode.swift; path = LoginViewController.swift; sourceTree = "<group>"; };
		37DCFBD21EA98D3B00E43139 /* BeaconsViewController.swift */ = {isa = PBXFileReference; fileEncoding = 4; lastKnownFileType = sourcecode.swift; path = BeaconsViewController.swift; sourceTree = "<group>"; };
		37DCFBD41EA9945500E43139 /* SignupViewController.swift */ = {isa = PBXFileReference; fileEncoding = 4; lastKnownFileType = sourcecode.swift; path = SignupViewController.swift; sourceTree = "<group>"; };
		37DCFBD61EA9968A00E43139 /* NewBeaconViewController.swift */ = {isa = PBXFileReference; fileEncoding = 4; lastKnownFileType = sourcecode.swift; path = NewBeaconViewController.swift; sourceTree = "<group>"; };
		37DCFBDA1EA99D6000E43139 /* PasscodeViewController.swift */ = {isa = PBXFileReference; fileEncoding = 4; lastKnownFileType = sourcecode.swift; path = PasscodeViewController.swift; sourceTree = "<group>"; };
		37DDA5F81EABCB5900318CE2 /* RoundedButton.swift */ = {isa = PBXFileReference; fileEncoding = 4; lastKnownFileType = sourcecode.swift; path = RoundedButton.swift; sourceTree = "<group>"; };
		37DDA5FA1EABD8EF00318CE2 /* Beacon.swift */ = {isa = PBXFileReference; fileEncoding = 4; lastKnownFileType = sourcecode.swift; path = Beacon.swift; sourceTree = "<group>"; };
		37DDA5FC1EABE53D00318CE2 /* BeaconTableViewCell.swift */ = {isa = PBXFileReference; fileEncoding = 4; lastKnownFileType = sourcecode.swift; path = BeaconTableViewCell.swift; sourceTree = "<group>"; };
		65E8E8172E93A31DF1556024 /* Pods_BeaconTracker.framework */ = {isa = PBXFileReference; explicitFileType = wrapper.framework; includeInIndex = 0; path = Pods_BeaconTracker.framework; sourceTree = BUILT_PRODUCTS_DIR; };
		C05DA6AEC29B8BF7534F82C0 /* Pods-BeaconTracker.debug.xcconfig */ = {isa = PBXFileReference; includeInIndex = 1; lastKnownFileType = text.xcconfig; name = "Pods-BeaconTracker.debug.xcconfig"; path = "Pods/Target Support Files/Pods-BeaconTracker/Pods-BeaconTracker.debug.xcconfig"; sourceTree = "<group>"; };
/* End PBXFileReference section */

/* Begin PBXFrameworksBuildPhase section */
		37A3178C1E75B82500BF3AEA /* Frameworks */ = {
			isa = PBXFrameworksBuildPhase;
			buildActionMask = 2147483647;
			files = (
				BA73C085A3A7804165E6A35A /* Pods_BeaconTracker.framework in Frameworks */,
			);
			runOnlyForDeploymentPostprocessing = 0;
		};
/* End PBXFrameworksBuildPhase section */

/* Begin PBXGroup section */
		37A317861E75B82400BF3AEA = {
			isa = PBXGroup;
			children = (
				37A317911E75B82500BF3AEA /* BeaconTracker */,
				37A317901E75B82500BF3AEA /* Products */,
				C9E1EAB555F0AB21E7FB512A /* Pods */,
				EF3625072C9664EEC8AFE0C8 /* Frameworks */,
			);
			sourceTree = "<group>";
		};
		37A317901E75B82500BF3AEA /* Products */ = {
			isa = PBXGroup;
			children = (
				37A3178F1E75B82500BF3AEA /* BeaconTracker.app */,
			);
			name = Products;
			sourceTree = "<group>";
		};
		37A317911E75B82500BF3AEA /* BeaconTracker */ = {
			isa = PBXGroup;
			children = (
				37A317921E75B82500BF3AEA /* AppDelegate.swift */,
				37A317941E75B82500BF3AEA /* ViewController.swift */,
				37A317961E75B82500BF3AEA /* Main.storyboard */,
				37A317991E75B82500BF3AEA /* Assets.xcassets */,
				37A3179B1E75B82500BF3AEA /* LaunchScreen.storyboard */,
				37A3179E1E75B82500BF3AEA /* Info.plist */,
				37DCFBD01EA98BCC00E43139 /* LoginViewController.swift */,
				37DCFBD21EA98D3B00E43139 /* BeaconsViewController.swift */,
				37DCFBD41EA9945500E43139 /* SignupViewController.swift */,
				37DCFBD61EA9968A00E43139 /* NewBeaconViewController.swift */,
				37DCFBDA1EA99D6000E43139 /* PasscodeViewController.swift */,
				37DDA5F81EABCB5900318CE2 /* RoundedButton.swift */,
				37DDA5FA1EABD8EF00318CE2 /* Beacon.swift */,
				37DDA5FC1EABE53D00318CE2 /* BeaconTableViewCell.swift */,
				377555201EAD21BD004E2B4C /* ServerManager.swift */,
				374A18551EBFC52E006C169A /* APIPath.swift */,
			);
			path = BeaconTracker;
			sourceTree = "<group>";
		};
		C9E1EAB555F0AB21E7FB512A /* Pods */ = {
			isa = PBXGroup;
			children = (
				C05DA6AEC29B8BF7534F82C0 /* Pods-BeaconTracker.debug.xcconfig */,
				21F2E1BA33E6758666CA5AB8 /* Pods-BeaconTracker.release.xcconfig */,
			);
			name = Pods;
			sourceTree = "<group>";
		};
		EF3625072C9664EEC8AFE0C8 /* Frameworks */ = {
			isa = PBXGroup;
			children = (
				65E8E8172E93A31DF1556024 /* Pods_BeaconTracker.framework */,
			);
			name = Frameworks;
			sourceTree = "<group>";
		};
/* End PBXGroup section */

/* Begin PBXNativeTarget section */
		37A3178E1E75B82500BF3AEA /* BeaconTracker */ = {
			isa = PBXNativeTarget;
			buildConfigurationList = 37A317A11E75B82500BF3AEA /* Build configuration list for PBXNativeTarget "BeaconTracker" */;
			buildPhases = (
				23557AF06364E336D4938BEC /* [CP] Check Pods Manifest.lock */,
				37A3178B1E75B82500BF3AEA /* Sources */,
				37A3178C1E75B82500BF3AEA /* Frameworks */,
				37A3178D1E75B82500BF3AEA /* Resources */,
				719FA53D0EA488A7996CC998 /* [CP] Embed Pods Frameworks */,
				D077B1FF2D7B9BB4B8E34627 /* [CP] Copy Pods Resources */,
			);
			buildRules = (
			);
			dependencies = (
			);
			name = BeaconTracker;
			productName = BeaconTracker;
			productReference = 37A3178F1E75B82500BF3AEA /* BeaconTracker.app */;
			productType = "com.apple.product-type.application";
		};
/* End PBXNativeTarget section */

/* Begin PBXProject section */
		37A317871E75B82400BF3AEA /* Project object */ = {
			isa = PBXProject;
			attributes = {
				LastSwiftUpdateCheck = 0820;
				LastUpgradeCheck = 0820;
				ORGANIZATIONNAME = "Dan Kim";
				TargetAttributes = {
					37A3178E1E75B82500BF3AEA = {
						CreatedOnToolsVersion = 8.2.1;
						DevelopmentTeam = Z9SY9LHRWJ;
						ProvisioningStyle = Automatic;
					};
				};
			};
			buildConfigurationList = 37A3178A1E75B82500BF3AEA /* Build configuration list for PBXProject "BeaconTracker" */;
			compatibilityVersion = "Xcode 3.2";
			developmentRegion = English;
			hasScannedForEncodings = 0;
			knownRegions = (
				en,
				Base,
			);
			mainGroup = 37A317861E75B82400BF3AEA;
			productRefGroup = 37A317901E75B82500BF3AEA /* Products */;
			projectDirPath = "";
			projectRoot = "";
			targets = (
				37A3178E1E75B82500BF3AEA /* BeaconTracker */,
			);
		};
/* End PBXProject section */

/* Begin PBXResourcesBuildPhase section */
		37A3178D1E75B82500BF3AEA /* Resources */ = {
			isa = PBXResourcesBuildPhase;
			buildActionMask = 2147483647;
			files = (
				37A3179D1E75B82500BF3AEA /* LaunchScreen.storyboard in Resources */,
				37A3179A1E75B82500BF3AEA /* Assets.xcassets in Resources */,
				37A317981E75B82500BF3AEA /* Main.storyboard in Resources */,
			);
			runOnlyForDeploymentPostprocessing = 0;
		};
/* End PBXResourcesBuildPhase section */

/* Begin PBXShellScriptBuildPhase section */
		23557AF06364E336D4938BEC /* [CP] Check Pods Manifest.lock */ = {
			isa = PBXShellScriptBuildPhase;
			buildActionMask = 2147483647;
			files = (
			);
			inputPaths = (
			);
			name = "[CP] Check Pods Manifest.lock";
			outputPaths = (
			);
			runOnlyForDeploymentPostprocessing = 0;
			shellPath = /bin/sh;
			shellScript = "diff \"${PODS_PODFILE_DIR_PATH}/Podfile.lock\" \"${PODS_ROOT}/Manifest.lock\" > /dev/null\nif [ $? != 0 ] ; then\n    # print error to STDERR\n    echo \"error: The sandbox is not in sync with the Podfile.lock. Run 'pod install' or update your CocoaPods installation.\" >&2\n    exit 1\nfi\n";
			showEnvVarsInLog = 0;
		};
		719FA53D0EA488A7996CC998 /* [CP] Embed Pods Frameworks */ = {
			isa = PBXShellScriptBuildPhase;
			buildActionMask = 2147483647;
			files = (
			);
			inputPaths = (
			);
			name = "[CP] Embed Pods Frameworks";
			outputPaths = (
			);
			runOnlyForDeploymentPostprocessing = 0;
			shellPath = /bin/sh;
			shellScript = "\"${SRCROOT}/Pods/Target Support Files/Pods-BeaconTracker/Pods-BeaconTracker-frameworks.sh\"\n";
			showEnvVarsInLog = 0;
		};
		D077B1FF2D7B9BB4B8E34627 /* [CP] Copy Pods Resources */ = {
			isa = PBXShellScriptBuildPhase;
			buildActionMask = 2147483647;
			files = (
			);
			inputPaths = (
			);
			name = "[CP] Copy Pods Resources";
			outputPaths = (
			);
			runOnlyForDeploymentPostprocessing = 0;
			shellPath = /bin/sh;
			shellScript = "\"${SRCROOT}/Pods/Target Support Files/Pods-BeaconTracker/Pods-BeaconTracker-resources.sh\"\n";
			showEnvVarsInLog = 0;
		};
/* End PBXShellScriptBuildPhase section */

/* Begin PBXSourcesBuildPhase section */
		37A3178B1E75B82500BF3AEA /* Sources */ = {
			isa = PBXSourcesBuildPhase;
			buildActionMask = 2147483647;
			files = (
				37DCFBDB1EA99D6000E43139 /* PasscodeViewController.swift in Sources */,
				37DCFBD11EA98BCC00E43139 /* LoginViewController.swift in Sources */,
				37A317951E75B82500BF3AEA /* ViewController.swift in Sources */,
				37DDA5FD1EABE53D00318CE2 /* BeaconTableViewCell.swift in Sources */,
				37DDA5F91EABCB5900318CE2 /* RoundedButton.swift in Sources */,
				37DCFBD51EA9945500E43139 /* SignupViewController.swift in Sources */,
				37DDA5FB1EABD8EF00318CE2 /* Beacon.swift in Sources */,
				374A18561EBFC52E006C169A /* APIPath.swift in Sources */,
				37DCFBD71EA9968A00E43139 /* NewBeaconViewController.swift in Sources */,
				37DCFBD31EA98D3B00E43139 /* BeaconsViewController.swift in Sources */,
				37A317931E75B82500BF3AEA /* AppDelegate.swift in Sources */,
				377555211EAD21BD004E2B4C /* ServerManager.swift in Sources */,
			);
			runOnlyForDeploymentPostprocessing = 0;
		};
/* End PBXSourcesBuildPhase section */

/* Begin PBXVariantGroup section */
		37A317961E75B82500BF3AEA /* Main.storyboard */ = {
			isa = PBXVariantGroup;
			children = (
				37A317971E75B82500BF3AEA /* Base */,
			);
			name = Main.storyboard;
			sourceTree = "<group>";
		};
		37A3179B1E75B82500BF3AEA /* LaunchScreen.storyboard */ = {
			isa = PBXVariantGroup;
			children = (
				37A3179C1E75B82500BF3AEA /* Base */,
			);
			name = LaunchScreen.storyboard;
			sourceTree = "<group>";
		};
/* End PBXVariantGroup section */

/* Begin XCBuildConfiguration section */
		37A3179F1E75B82500BF3AEA /* Debug */ = {
			isa = XCBuildConfiguration;
			buildSettings = {
				ALWAYS_SEARCH_USER_PATHS = NO;
				CLANG_ANALYZER_NONNULL = YES;
				CLANG_CXX_LANGUAGE_STANDARD = "gnu++0x";
				CLANG_CXX_LIBRARY = "libc++";
				CLANG_ENABLE_MODULES = YES;
				CLANG_ENABLE_OBJC_ARC = YES;
				CLANG_WARN_BOOL_CONVERSION = YES;
				CLANG_WARN_CONSTANT_CONVERSION = YES;
				CLANG_WARN_DIRECT_OBJC_ISA_USAGE = YES_ERROR;
				CLANG_WARN_DOCUMENTATION_COMMENTS = YES;
				CLANG_WARN_EMPTY_BODY = YES;
				CLANG_WARN_ENUM_CONVERSION = YES;
				CLANG_WARN_INFINITE_RECURSION = YES;
				CLANG_WARN_INT_CONVERSION = YES;
				CLANG_WARN_OBJC_ROOT_CLASS = YES_ERROR;
				CLANG_WARN_SUSPICIOUS_MOVE = YES;
				CLANG_WARN_UNREACHABLE_CODE = YES;
				CLANG_WARN__DUPLICATE_METHOD_MATCH = YES;
				"CODE_SIGN_IDENTITY[sdk=iphoneos*]" = "iPhone Developer";
				COPY_PHASE_STRIP = NO;
				DEBUG_INFORMATION_FORMAT = dwarf;
				ENABLE_STRICT_OBJC_MSGSEND = YES;
				ENABLE_TESTABILITY = YES;
				GCC_C_LANGUAGE_STANDARD = gnu99;
				GCC_DYNAMIC_NO_PIC = NO;
				GCC_NO_COMMON_BLOCKS = YES;
				GCC_OPTIMIZATION_LEVEL = 0;
				GCC_PREPROCESSOR_DEFINITIONS = (
					"DEBUG=1",
					"$(inherited)",
				);
				GCC_WARN_64_TO_32_BIT_CONVERSION = YES;
				GCC_WARN_ABOUT_RETURN_TYPE = YES_ERROR;
				GCC_WARN_UNDECLARED_SELECTOR = YES;
				GCC_WARN_UNINITIALIZED_AUTOS = YES_AGGRESSIVE;
				GCC_WARN_UNUSED_FUNCTION = YES;
				GCC_WARN_UNUSED_VARIABLE = YES;
				IPHONEOS_DEPLOYMENT_TARGET = 10.2;
				MTL_ENABLE_DEBUG_INFO = YES;
				ONLY_ACTIVE_ARCH = YES;
				SDKROOT = iphoneos;
				SWIFT_ACTIVE_COMPILATION_CONDITIONS = DEBUG;
				SWIFT_OPTIMIZATION_LEVEL = "-Onone";
			};
			name = Debug;
		};
		37A317A01E75B82500BF3AEA /* Release */ = {
			isa = XCBuildConfiguration;
			buildSettings = {
				ALWAYS_SEARCH_USER_PATHS = NO;
				CLANG_ANALYZER_NONNULL = YES;
				CLANG_CXX_LANGUAGE_STANDARD = "gnu++0x";
				CLANG_CXX_LIBRARY = "libc++";
				CLANG_ENABLE_MODULES = YES;
				CLANG_ENABLE_OBJC_ARC = YES;
				CLANG_WARN_BOOL_CONVERSION = YES;
				CLANG_WARN_CONSTANT_CONVERSION = YES;
				CLANG_WARN_DIRECT_OBJC_ISA_USAGE = YES_ERROR;
				CLANG_WARN_DOCUMENTATION_COMMENTS = YES;
				CLANG_WARN_EMPTY_BODY = YES;
				CLANG_WARN_ENUM_CONVERSION = YES;
				CLANG_WARN_INFINITE_RECURSION = YES;
				CLANG_WARN_INT_CONVERSION = YES;
				CLANG_WARN_OBJC_ROOT_CLASS = YES_ERROR;
				CLANG_WARN_SUSPICIOUS_MOVE = YES;
				CLANG_WARN_UNREACHABLE_CODE = YES;
				CLANG_WARN__DUPLICATE_METHOD_MATCH = YES;
				"CODE_SIGN_IDENTITY[sdk=iphoneos*]" = "iPhone Developer";
				COPY_PHASE_STRIP = NO;
				DEBUG_INFORMATION_FORMAT = "dwarf-with-dsym";
				ENABLE_NS_ASSERTIONS = NO;
				ENABLE_STRICT_OBJC_MSGSEND = YES;
				GCC_C_LANGUAGE_STANDARD = gnu99;
				GCC_NO_COMMON_BLOCKS = YES;
				GCC_WARN_64_TO_32_BIT_CONVERSION = YES;
				GCC_WARN_ABOUT_RETURN_TYPE = YES_ERROR;
				GCC_WARN_UNDECLARED_SELECTOR = YES;
				GCC_WARN_UNINITIALIZED_AUTOS = YES_AGGRESSIVE;
				GCC_WARN_UNUSED_FUNCTION = YES;
				GCC_WARN_UNUSED_VARIABLE = YES;
				IPHONEOS_DEPLOYMENT_TARGET = 10.2;
				MTL_ENABLE_DEBUG_INFO = NO;
				SDKROOT = iphoneos;
				SWIFT_OPTIMIZATION_LEVEL = "-Owholemodule";
				VALIDATE_PRODUCT = YES;
			};
			name = Release;
		};
		37A317A21E75B82500BF3AEA /* Debug */ = {
			isa = XCBuildConfiguration;
			baseConfigurationReference = C05DA6AEC29B8BF7534F82C0 /* Pods-BeaconTracker.debug.xcconfig */;
			buildSettings = {
				ASSETCATALOG_COMPILER_APPICON_NAME = AppIcon;
				"CODE_SIGN_IDENTITY[sdk=iphoneos*]" = "iPhone Developer";
				DEVELOPMENT_TEAM = Z9SY9LHRWJ;
				INFOPLIST_FILE = BeaconTracker/Info.plist;
				LD_RUNPATH_SEARCH_PATHS = "$(inherited) @executable_path/Frameworks";
				PRODUCT_BUNDLE_IDENTIFIER = dk.dankim.BeaconTracker;
				PRODUCT_NAME = "$(TARGET_NAME)";
				SWIFT_VERSION = 3.0;
			};
			name = Debug;
		};
		37A317A31E75B82500BF3AEA /* Release */ = {
			isa = XCBuildConfiguration;
			baseConfigurationReference = 21F2E1BA33E6758666CA5AB8 /* Pods-BeaconTracker.release.xcconfig */;
			buildSettings = {
				ASSETCATALOG_COMPILER_APPICON_NAME = AppIcon;
				"CODE_SIGN_IDENTITY[sdk=iphoneos*]" = "iPhone Developer";
				DEVELOPMENT_TEAM = Z9SY9LHRWJ;
				INFOPLIST_FILE = BeaconTracker/Info.plist;
				LD_RUNPATH_SEARCH_PATHS = "$(inherited) @executable_path/Frameworks";
				PRODUCT_BUNDLE_IDENTIFIER = dk.dankim.BeaconTracker;
				PRODUCT_NAME = "$(TARGET_NAME)";
				SWIFT_VERSION = 3.0;
			};
			name = Release;
		};
/* End XCBuildConfiguration section */

/* Begin XCConfigurationList section */
		37A3178A1E75B82500BF3AEA /* Build configuration list for PBXProject "BeaconTracker" */ = {
			isa = XCConfigurationList;
			buildConfigurations = (
				37A3179F1E75B82500BF3AEA /* Debug */,
				37A317A01E75B82500BF3AEA /* Release */,
			);
			defaultConfigurationIsVisible = 0;
			defaultConfigurationName = Release;
		};
		37A317A11E75B82500BF3AEA /* Build configuration list for PBXNativeTarget "BeaconTracker" */ = {
			isa = XCConfigurationList;
			buildConfigurations = (
				37A317A21E75B82500BF3AEA /* Debug */,
				37A317A31E75B82500BF3AEA /* Release */,
			);
			defaultConfigurationIsVisible = 0;
			defaultConfigurationName = Release;
		};
/* End XCConfigurationList section */
	};
	rootObject = 37A317871E75B82400BF3AEA /* Project object */;
}
